
Microsoft Visual Studio Solution File, Format Version 12.00
# Visual Studio Version 16
VisualStudioVersion = 16.0.30320.27
MinimumVisualStudioVersion = 10.0.40219.1
Project("{FAE04EC0-301F-11D3-BF4B-00C04F79EFBC}") = "App2.Android", "App2\App2.Android\App2.Android.csproj", "{17420BDC-5007-4002-AD81-C208F50A0DFF}"
EndProject
Project("{9A19103F-16F7-4668-BE54-9A1E7A4F7556}") = "App2", "App2\App2\App2.csproj", "{76EBA5FB-E493-4E37-9249-D5AF49396094}"
EndProject
Global
	GlobalSection(SolutionConfigurationPlatforms) = preSolution
		Debug|Any CPU = Debug|Any CPU
		Release|Any CPU = Release|Any CPU
	EndGlobalSection
	GlobalSection(ProjectConfigurationPlatforms) = postSolution
		{17420BDC-5007-4002-AD81-C208F50A0DFF}.Debug|Any CPU.ActiveCfg = Release|Any CPU
		{17420BDC-5007-4002-AD81-C208F50A0DFF}.Debug|Any CPU.Build.0 = Release|Any CPU
		{17420BDC-5007-4002-AD81-C208F50A0DFF}.Debug|Any CPU.Deploy.0 = Release|Any CPU
		{17420BDC-5007-4002-AD81-C208F50A0DFF}.Release|Any CPU.ActiveCfg = Release|Any CPU
		{17420BDC-5007-4002-AD81-C208F50A0DFF}.Release|Any CPU.Build.0 = Release|Any CPU
		{17420BDC-5007-4002-AD81-C208F50A0DFF}.Release|Any CPU.Deploy.0 = Release|Any CPU
		{76EBA5FB-E493-4E37-9249-D5AF49396094}.Debug|Any CPU.ActiveCfg = Release|Any CPU
		{76EBA5FB-E493-4E37-9249-D5AF49396094}.Debug|Any CPU.Build.0 = Release|Any CPU
		{76EBA5FB-E493-4E37-9249-D5AF49396094}.Debug|Any CPU.Deploy.0 = Release|Any CPU
		{76EBA5FB-E493-4E37-9249-D5AF49396094}.Release|Any CPU.ActiveCfg = Release|Any CPU
		{76EBA5FB-E493-4E37-9249-D5AF49396094}.Release|Any CPU.Build.0 = Release|Any CPU
		{76EBA5FB-E493-4E37-9249-D5AF49396094}.Release|Any CPU.Deploy.0 = Release|Any CPU
	EndGlobalSection
	GlobalSection(SolutionProperties) = preSolution
		HideSolutionNode = FALSE
	EndGlobalSection
	GlobalSection(ExtensibilityGlobals) = postSolution
		SolutionGuid = {E8E35C24-C64D-4CBB-925E-70D3D86CA19D}
	EndGlobalSection
EndGlobal
